// !$*UTF8*$!
{
	archiveVersion = 1;
	classes = {
	};
	objectVersion = 56;
	objects = {

/* Begin PBXBuildFile section */
		A10000000000000000000001 /* DaylineApp.swift in Sources */ = {isa = PBXBuildFile; fileRef = A20000000000000000000001 /* DaylineApp.swift */; };
		A10000000000000000000002 /* DaylineView.swift in Sources */ = {isa = PBXBuildFile; fileRef = A20000000000000000000002 /* DaylineView.swift */; };
		A10000000000000000000003 /* DayTask.swift in Sources */ = {isa = PBXBuildFile; fileRef = A20000000000000000000003 /* DayTask.swift */; };
		A10000000000000000000004 /* DayTimeline.swift in Sources */ = {isa = PBXBuildFile; fileRef = A20000000000000000000004 /* DayTimeline.swift */; };
		A10000000000000000000005 /* TaskColor+SwiftUI.swift in Sources */ = {isa = PBXBuildFile; fileRef = A20000000000000000000005 /* TaskColor+SwiftUI.swift */; };
		A10000000000000000000006 /* TaskEditor.swift in Sources */ = {isa = PBXBuildFile; fileRef = A20000000000000000000006 /* TaskEditor.swift */; };
		A10000000000000000000007 /* TaskStore.swift in Sources */ = {isa = PBXBuildFile; fileRef = A20000000000000000000007 /* TaskStore.swift */; };
		A10000000000000000000008 /* AppDelegate.swift in Sources */ = {isa = PBXBuildFile; fileRef = A20000000000000000000010 /* AppDelegate.swift */; };
		A10000000000000000000009 /* Localization.swift in Sources */ = {isa = PBXBuildFile; fileRef = A20000000000000000000011 /* Localization.swift */; };
		A10000000000000000000010 /* Assets.xcassets in Resources */ = {isa = PBXBuildFile; fileRef = A20000000000000000000012 /* Assets.xcassets */; };
		E10000000000000000000001 /* NotificationSound.swift in Sources */ = {isa = PBXBuildFile; fileRef = E20000000000000000000001 /* NotificationSound.swift */; };
/* End PBXBuildFile section */

/* Begin PBXFileReference section */
		A20000000000000000000001 /* DaylineApp.swift */ = {isa = PBXFileReference; lastKnownFileType = sourcecode.swift; path = DaylineApp.swift; sourceTree = "<group>"; };
		A20000000000000000000002 /* DaylineView.swift */ = {isa = PBXFileReference; lastKnownFileType = sourcecode.swift; path = DaylineView.swift; sourceTree = "<group>"; };
		A20000000000000000000003 /* DayTask.swift */ = {isa = PBXFileReference; lastKnownFileType = sourcecode.swift; path = DayTask.swift; sourceTree = "<group>"; };
		A20000000000000000000004 /* DayTimeline.swift */ = {isa = PBXFileReference; lastKnownFileType = sourcecode.swift; path = DayTimeline.swift; sourceTree = "<group>"; };
		A20000000000000000000005 /* TaskColor+SwiftUI.swift */ = {isa = PBXFileReference; lastKnownFileType = sourcecode.swift; path = "TaskColor+SwiftUI.swift"; sourceTree = "<group>"; };
		A20000000000000000000006 /* TaskEditor.swift */ = {isa = PBXFileReference; lastKnownFileType = sourcecode.swift; path = TaskEditor.swift; sourceTree = "<group>"; };
		A20000000000000000000007 /* TaskStore.swift */ = {isa = PBXFileReference; lastKnownFileType = sourcecode.swift; path = TaskStore.swift; sourceTree = "<group>"; };
		A20000000000000000000008 /* Info.plist */ = {isa = PBXFileReference; lastKnownFileType = text.plist.xml; path = Info.plist; sourceTree = "<group>"; };
		A20000000000000000000009 /* Moonkite Day.app */ = {isa = PBXFileReference; explicitFileType = wrapper.application; includeInIndex = 0; path = "Moonkite Day.app"; sourceTree = BUILT_PRODUCTS_DIR; };
		A20000000000000000000010 /* AppDelegate.swift */ = {isa = PBXFileReference; lastKnownFileType = sourcecode.swift; path = AppDelegate.swift; sourceTree = "<group>"; };
		A20000000000000000000011 /* Localization.swift */ = {isa = PBXFileReference; lastKnownFileType = sourcecode.swift; path = Localization.swift; sourceTree = "<group>"; };
		A20000000000000000000012 /* Assets.xcassets */ = {isa = PBXFileReference; lastKnownFileType = folder.assetcatalog; path = Assets.xcassets; sourceTree = "<group>"; };
		A20000000000000000000013 /* DaylineIcon.svg */ = {isa = PBXFileReference; lastKnownFileType = image.svg; path = DaylineIcon.svg; sourceTree = "<group>"; };
		A20000000000000000000014 /* generate_app_icon.swift */ = {isa = PBXFileReference; lastKnownFileType = sourcecode.swift; path = generate_app_icon.swift; sourceTree = "<group>"; };
		E20000000000000000000001 /* NotificationSound.swift */ = {isa = PBXFileReference; lastKnownFileType = sourcecode.swift; path = NotificationSound.swift; sourceTree = "<group>"; };
/* End PBXFileReference section */

/* Begin PBXFrameworksBuildPhase section */
		A30000000000000000000001 /* Frameworks */ = {
			isa = PBXFrameworksBuildPhase;
			buildActionMask = 2147483647;
			files = (
			);
			runOnlyForDeploymentPostprocessing = 0;
		};
/* End PBXFrameworksBuildPhase section */

/* Begin PBXGroup section */
		A40000000000000000000001 = {
			isa = PBXGroup;
			children = (
				A40000000000000000000002 /* Sources/Dayline */,
				A40000000000000000000003 /* Supporting */,
				A4000000000000000000000A /* Resources */,
				A4000000000000000000000B /* Tools */,
				A40000000000000000000004 /* Products */,
			);
			sourceTree = "<group>";
		};
		A40000000000000000000002 /* Sources/Dayline */ = {
			isa = PBXGroup;
			children = (
				A40000000000000000000005 /* App */,
				A40000000000000000000006 /* Models */,
				A40000000000000000000007 /* Stores */,
				A40000000000000000000008 /* Views */,
				A40000000000000000000009 /* Support */,
			);
			path = Sources/Dayline;
			sourceTree = SOURCE_ROOT;
		};
		A40000000000000000000003 /* Supporting */ = {
			isa = PBXGroup;
			children = (
				A20000000000000000000008 /* Info.plist */,
			);
			path = Supporting;
			sourceTree = SOURCE_ROOT;
		};
		A40000000000000000000004 /* Products */ = {
			isa = PBXGroup;
			children = (
				A20000000000000000000009 /* Moonkite Day.app */,
			);
			name = Products;
			sourceTree = "<group>";
		};
		A40000000000000000000005 /* App */ = {
			isa = PBXGroup;
			children = (
				A20000000000000000000001 /* DaylineApp.swift */,
				A20000000000000000000010 /* AppDelegate.swift */,
			);
			path = App;
			sourceTree = "<group>";
		};
		A40000000000000000000006 /* Models */ = {
			isa = PBXGroup;
			children = (
				A20000000000000000000003 /* DayTask.swift */,
			);
			path = Models;
			sourceTree = "<group>";
		};
		A40000000000000000000007 /* Stores */ = {
			isa = PBXGroup;
			children = (
				A20000000000000000000007 /* TaskStore.swift */,
			);
			path = Stores;
			sourceTree = "<group>";
		};
		A40000000000000000000008 /* Views */ = {
			isa = PBXGroup;
			children = (
				A20000000000000000000002 /* DaylineView.swift */,
				A20000000000000000000004 /* DayTimeline.swift */,
				A20000000000000000000006 /* TaskEditor.swift */,
			);
			path = Views;
			sourceTree = "<group>";
		};
		A40000000000000000000009 /* Support */ = {
			isa = PBXGroup;
			children = (
				A20000000000000000000011 /* Localization.swift */,
				A20000000000000000000005 /* TaskColor+SwiftUI.swift */,
				E20000000000000000000001 /* NotificationSound.swift */,
			);
			path = Support;
			sourceTree = "<group>";
		};
		A4000000000000000000000A /* Resources */ = {
			isa = PBXGroup;
			children = (
				A20000000000000000000012 /* Assets.xcassets */,
				A20000000000000000000013 /* DaylineIcon.svg */,
			);
			path = Resources;
			sourceTree = SOURCE_ROOT;
		};
		A4000000000000000000000B /* Tools */ = {
			isa = PBXGroup;
			children = (
				A20000000000000000000014 /* generate_app_icon.swift */,
			);
			path = Tools;
			sourceTree = SOURCE_ROOT;
		};
/* End PBXGroup section */

/* Begin PBXNativeTarget section */
		A50000000000000000000001 /* Dayline */ = {
			isa = PBXNativeTarget;
			buildConfigurationList = A90000000000000000000002 /* Build configuration list for PBXNativeTarget "Dayline" */;
			buildPhases = (
				A60000000000000000000001 /* Sources */,
				A30000000000000000000001 /* Frameworks */,
				A70000000000000000000001 /* Resources */,
			);
			buildRules = (
			);
			dependencies = (
			);
			name = Dayline;
			productName = Dayline;
			productReference = A20000000000000000000009 /* Moonkite Day.app */;
			productType = "com.apple.product-type.application";
		};
/* End PBXNativeTarget section */

/* Begin PBXProject section */
		A80000000000000000000001 /* Project object */ = {
			isa = PBXProject;
			attributes = {
				BuildIndependentTargetsInParallel = 1;
				LastSwiftUpdateCheck = 2660;
				LastUpgradeCheck = 2660;
				TargetAttributes = {
					A50000000000000000000001 = {
						CreatedOnToolsVersion = 26.0;
					};
				};
			};
			buildConfigurationList = A90000000000000000000001 /* Build configuration list for PBXProject "Dayline" */;
			compatibilityVersion = "Xcode 14.0";
			developmentRegion = en;
			hasScannedForEncodings = 0;
			knownRegions = (
				en,
				Base,
			);
			mainGroup = A40000000000000000000001;
			productRefGroup = A40000000000000000000004 /* Products */;
			projectDirPath = "";
			projectRoot = "";
			targets = (
				A50000000000000000000001 /* Dayline */,
			);
		};
/* End PBXProject section */

/* Begin PBXResourcesBuildPhase section */
		A70000000000000000000001 /* Resources */ = {
			isa = PBXResourcesBuildPhase;
			buildActionMask = 2147483647;
			files = (
				A10000000000000000000010 /* Assets.xcassets in Resources */,
			);
			runOnlyForDeploymentPostprocessing = 0;
		};
/* End PBXResourcesBuildPhase section */

/* Begin PBXSourcesBuildPhase section */
		A60000000000000000000001 /* Sources */ = {
			isa = PBXSourcesBuildPhase;
			buildActionMask = 2147483647;
			files = (
				A10000000000000000000008 /* AppDelegate.swift in Sources */,
				A10000000000000000000009 /* Localization.swift in Sources */,
				A10000000000000000000001 /* DaylineApp.swift in Sources */,
				A10000000000000000000002 /* DaylineView.swift in Sources */,
				A10000000000000000000003 /* DayTask.swift in Sources */,
				A10000000000000000000004 /* DayTimeline.swift in Sources */,
				A10000000000000000000005 /* TaskColor+SwiftUI.swift in Sources */,
				A10000000000000000000006 /* TaskEditor.swift in Sources */,
				A10000000000000000000007 /* TaskStore.swift in Sources */,
				E10000000000000000000001 /* NotificationSound.swift in Sources */,
			);
			runOnlyForDeploymentPostprocessing = 0;
		};
/* End PBXSourcesBuildPhase section */

/* Begin XCBuildConfiguration section */
		B10000000000000000000001 /* Debug */ = {
			isa = XCBuildConfiguration;
			buildSettings = {
				CLANG_ENABLE_MODULES = YES;
				CLANG_WARN_BLOCK_CAPTURE_AUTORELEASING = YES;
				CLANG_WARN_BOOL_CONVERSION = YES;
				CLANG_WARN_COMMA = YES;
				CLANG_WARN_CONSTANT_CONVERSION = YES;
				CLANG_WARN_DEPRECATED_OBJC_IMPLEMENTATIONS = YES;
				CLANG_WARN_EMPTY_BODY = YES;
				CLANG_WARN_ENUM_CONVERSION = YES;
				CLANG_WARN_INFINITE_RECURSION = YES;
				CLANG_WARN_INT_CONVERSION = YES;
				CLANG_WARN_NON_LITERAL_NULL_CONVERSION = YES;
				CLANG_WARN_OBJC_IMPLICIT_RETAIN_SELF = YES;
				CLANG_WARN_OBJC_LITERAL_CONVERSION = YES;
				CLANG_WARN_QUOTED_INCLUDE_IN_FRAMEWORK_HEADER = YES;
				CLANG_WARN_RANGE_LOOP_ANALYSIS = YES;
				CLANG_WARN_STRICT_PROTOTYPES = YES;
				CLANG_WARN_SUSPICIOUS_MOVE = YES;
				CLANG_WARN_UNREACHABLE_CODE = YES;
				CLANG_WARN__DUPLICATE_METHOD_MATCH = YES;
				DEAD_CODE_STRIPPING = YES;
				ENABLE_STRICT_OBJC_MSGSEND = YES;
				ENABLE_TESTABILITY = YES;
				ENABLE_USER_SCRIPT_SANDBOXING = YES;
				GCC_NO_COMMON_BLOCKS = YES;
				GCC_WARN_64_TO_32_BIT_CONVERSION = YES;
				GCC_WARN_ABOUT_RETURN_TYPE = YES;
				GCC_WARN_UNDECLARED_SELECTOR = YES;
				GCC_WARN_UNINITIALIZED_AUTOS = YES;
				GCC_WARN_UNUSED_FUNCTION = YES;
				GCC_WARN_UNUSED_VARIABLE = YES;
				MACOSX_DEPLOYMENT_TARGET = 14.0;
				ONLY_ACTIVE_ARCH = YES;
				SDKROOT = macosx;
				STRING_CATALOG_GENERATE_SYMBOLS = YES;
				SWIFT_VERSION = 6.0;
			};
			name = Debug;
		};
		B10000000000000000000002 /* Release */ = {
			isa = XCBuildConfiguration;
			buildSettings = {
				CLANG_ENABLE_MODULES = YES;
				CLANG_WARN_BLOCK_CAPTURE_AUTORELEASING = YES;
				CLANG_WARN_BOOL_CONVERSION = YES;
				CLANG_WARN_COMMA = YES;
				CLANG_WARN_CONSTANT_CONVERSION = YES;
				CLANG_WARN_DEPRECATED_OBJC_IMPLEMENTATIONS = YES;
				CLANG_WARN_EMPTY_BODY = YES;
				CLANG_WARN_ENUM_CONVERSION = YES;
				CLANG_WARN_INFINITE_RECURSION = YES;
				CLANG_WARN_INT_CONVERSION = YES;
				CLANG_WARN_NON_LITERAL_NULL_CONVERSION = YES;
				CLANG_WARN_OBJC_IMPLICIT_RETAIN_SELF = YES;
				CLANG_WARN_OBJC_LITERAL_CONVERSION = YES;
				CLANG_WARN_QUOTED_INCLUDE_IN_FRAMEWORK_HEADER = YES;
				CLANG_WARN_RANGE_LOOP_ANALYSIS = YES;
				CLANG_WARN_STRICT_PROTOTYPES = YES;
				CLANG_WARN_SUSPICIOUS_MOVE = YES;
				CLANG_WARN_UNREACHABLE_CODE = YES;
				CLANG_WARN__DUPLICATE_METHOD_MATCH = YES;
				DEAD_CODE_STRIPPING = YES;
				ENABLE_STRICT_OBJC_MSGSEND = YES;
				ENABLE_USER_SCRIPT_SANDBOXING = YES;
				GCC_NO_COMMON_BLOCKS = YES;
				GCC_WARN_64_TO_32_BIT_CONVERSION = YES;
				GCC_WARN_ABOUT_RETURN_TYPE = YES;
				GCC_WARN_UNDECLARED_SELECTOR = YES;
				GCC_WARN_UNINITIALIZED_AUTOS = YES;
				GCC_WARN_UNUSED_FUNCTION = YES;
				GCC_WARN_UNUSED_VARIABLE = YES;
				MACOSX_DEPLOYMENT_TARGET = 14.0;
				SDKROOT = macosx;
				STRING_CATALOG_GENERATE_SYMBOLS = YES;
				SWIFT_COMPILATION_MODE = wholemodule;
				SWIFT_VERSION = 6.0;
			};
			name = Release;
		};
		B10000000000000000000003 /* Debug */ = {
			isa = XCBuildConfiguration;
			buildSettings = {
				ASSETCATALOG_COMPILER_APPICON_NAME = AppIcon;
				CLANG_ENABLE_OBJC_WEAK = YES;
				CODE_SIGN_STYLE = Automatic;
				COMBINE_HIDPI_IMAGES = YES;
				CURRENT_PROJECT_VERSION = 1;
				DEAD_CODE_STRIPPING = YES;
				ENABLE_HARDENED_RUNTIME = YES;
				GENERATE_INFOPLIST_FILE = NO;
				INFOPLIST_FILE = Supporting/Info.plist;
				LD_RUNPATH_SEARCH_PATHS = (
					"$(inherited)",
					"@executable_path/../Frameworks",
				);
				MARKETING_VERSION = 1.0;
				PRODUCT_BUNDLE_IDENTIFIER = com.hkshmo.dayline;
				PRODUCT_MODULE_NAME = Dayline;
				PRODUCT_NAME = "Moonkite Day";
				SWIFT_EMIT_LOC_STRINGS = YES;
			};
			name = Debug;
		};
		B10000000000000000000004 /* Release */ = {
			isa = XCBuildConfiguration;
			buildSettings = {
				ASSETCATALOG_COMPILER_APPICON_NAME = AppIcon;
				CLANG_ENABLE_OBJC_WEAK = YES;
				CODE_SIGN_STYLE = Automatic;
				COMBINE_HIDPI_IMAGES = YES;
				CURRENT_PROJECT_VERSION = 1;
				DEAD_CODE_STRIPPING = YES;
				ENABLE_HARDENED_RUNTIME = YES;
				GENERATE_INFOPLIST_FILE = NO;
				INFOPLIST_FILE = Supporting/Info.plist;
				LD_RUNPATH_SEARCH_PATHS = (
					"$(inherited)",
					"@executable_path/../Frameworks",
				);
				MARKETING_VERSION = 1.0;
				ONLY_ACTIVE_ARCH = NO;
				PRODUCT_BUNDLE_IDENTIFIER = com.hkshmo.dayline;
				PRODUCT_MODULE_NAME = Dayline;
				PRODUCT_NAME = "Moonkite Day";
				SWIFT_COMPILATION_MODE = wholemodule;
				SWIFT_EMIT_LOC_STRINGS = YES;
			};
			name = Release;
		};
/* End XCBuildConfiguration section */

/* Begin XCConfigurationList section */
		A90000000000000000000001 /* Build configuration list for PBXProject "Dayline" */ = {
			isa = XCConfigurationList;
			buildConfigurations = (
				B10000000000000000000001 /* Debug */,
				B10000000000000000000002 /* Release */,
			);
			defaultConfigurationIsVisible = 0;
			defaultConfigurationName = Release;
		};
		A90000000000000000000002 /* Build configuration list for PBXNativeTarget "Dayline" */ = {
			isa = XCConfigurationList;
			buildConfigurations = (
				B10000000000000000000003 /* Debug */,
				B10000000000000000000004 /* Release */,
			);
			defaultConfigurationIsVisible = 0;
			defaultConfigurationName = Release;
		};
/* End XCConfigurationList section */
	};
	rootObject = A80000000000000000000001 /* Project object */;
}
